PODS:
  - Alamofire (3.2.1)
  - DrawerController (1.1.0):
    - DrawerController/Core (= 1.1.0)
    - DrawerController/DrawerVisualStates (= 1.1.0)
  - DrawerController/Core (1.1.0)
  - DrawerController/DrawerVisualStates (1.1.0):
    - DrawerController/Core
  - Kingfisher (2.1.0)
  - SwiftSpinner (0.8.0)

DEPENDENCIES:
  - Alamofire
  - DrawerController (~> 1.0)
  - Kingfisher (~> 2.0)
  - SwiftSpinner

SPEC CHECKSUMS:
  Alamofire: f11d8624a05f5d39e0c99309b3e600a3ba64298a
  DrawerController: 8fd56e6238399a08c4af054fbea0ef8669cd81f3
  Kingfisher: 3ac09acad75a25ab22f6d7cef3de10d61dd4792d
  SwiftSpinner: 11c2c5ec7443d92f3026d3067ca8a91d4adef13f

COCOAPODS: 0.39.0
